
Microsoft Visual Studio Solution File, Format Version 12.00
# Visual Studio 15
VisualStudioVersion = 15.0.27703.2042
MinimumVisualStudioVersion = 10.0.40219.1
Project("{9A19103F-16F7-4668-BE54-9A1E7A4F7556}") = "MemoryBytes", "MemoryBytes\MemoryBytes.csproj", "{7D4DE98B-0FE8-483E-8F83-D59CB4D07D48}"
EndProject
Global
	GlobalSection(SolutionConfigurationPlatforms) = preSolution
		Debug|Any CPU = Debug|Any CPU
		Release|Any CPU = Release|Any CPU
	EndGlobalSection
	GlobalSection(ProjectConfigurationPlatforms) = postSolution
		{7D4DE98B-0FE8-483E-8F83-D59CB4D07D48}.Debug|Any CPU.ActiveCfg = Debug|Any CPU
		{7D4DE98B-0FE8-483E-8F83-D59CB4D07D48}.Debug|Any CPU.Build.0 = Debug|Any CPU
		{7D4DE98B-0FE8-483E-8F83-D59CB4D07D48}.Release|Any CPU.ActiveCfg = Release|Any CPU
		{7D4DE98B-0FE8-483E-8F83-D59CB4D07D48}.Release|Any CPU.Build.0 = Release|Any CPU
	EndGlobalSection
	GlobalSection(SolutionProperties) = preSolution
		HideSolutionNode = FALSE
	EndGlobalSection
	GlobalSection(ExtensibilityGlobals) = postSolution
		SolutionGuid = {8631070B-B10F-4651-8F59-193C599AB085}
	EndGlobalSection
EndGlobal
